
Microsoft Visual Studio Solution File, Format Version 12.00
# Visual Studio 15
VisualStudioVersion = 15.0.27703.2035
MinimumVisualStudioVersion = 10.0.40219.1
Project("{FAE04EC0-301F-11D3-BF4B-00C04F79EFBC}") = "CG4-3", "CG4-3\CG4-3.csproj", "{9B8BAC7A-8058-4356-9DFC-762129E0D167}"
EndProject
Global
	GlobalSection(SolutionConfigurationPlatforms) = preSolution
		Debug|Any CPU = Debug|Any CPU
		Release|Any CPU = Release|Any CPU
	EndGlobalSection
	GlobalSection(ProjectConfigurationPlatforms) = postSolution
		{9B8BAC7A-8058-4356-9DFC-762129E0D167}.Debug|Any CPU.ActiveCfg = Debug|Any CPU
		{9B8BAC7A-8058-4356-9DFC-762129E0D167}.Debug|Any CPU.Build.0 = Debug|Any CPU
		{9B8BAC7A-8058-4356-9DFC-762129E0D167}.Release|Any CPU.ActiveCfg = Release|Any CPU
		{9B8BAC7A-8058-4356-9DFC-762129E0D167}.Release|Any CPU.Build.0 = Release|Any CPU
	EndGlobalSection
	GlobalSection(SolutionProperties) = preSolution
		HideSolutionNode = FALSE
	EndGlobalSection
	GlobalSection(ExtensibilityGlobals) = postSolution
		SolutionGuid = {61F940DC-4DF7-4FA5-9BD9-5F6599532383}
	EndGlobalSection
EndGlobal
